
Microsoft Visual Studio Solution File, Format Version 12.00
# Visual Studio 15
VisualStudioVersion = 15.0.28307.645
MinimumVisualStudioVersion = 10.0.40219.1
Project("{9A19103F-16F7-4668-BE54-9A1E7A4F7556}") = "Assg1Rectangle", "Assg1Rectangle\Assg1Rectangle.csproj", "{C639EE8D-8A00-408D-B044-F90F9EA31650}"
EndProject
Project("{FAE04EC0-301F-11D3-BF4B-00C04F79EFBC}") = "Assg1Rectangle_Tests", "Assg1Rectangle_Tests\Assg1Rectangle_Tests.csproj", "{B5634634-B76B-4BBA-9E3D-EB76B3B51FD9}"
EndProject
Global
	GlobalSection(SolutionConfigurationPlatforms) = preSolution
		Debug|Any CPU = Debug|Any CPU
		Release|Any CPU = Release|Any CPU
	EndGlobalSection
	GlobalSection(ProjectConfigurationPlatforms) = postSolution
		{C639EE8D-8A00-408D-B044-F90F9EA31650}.Debug|Any CPU.ActiveCfg = Debug|Any CPU
		{C639EE8D-8A00-408D-B044-F90F9EA31650}.Debug|Any CPU.Build.0 = Debug|Any CPU
		{C639EE8D-8A00-408D-B044-F90F9EA31650}.Release|Any CPU.ActiveCfg = Release|Any CPU
		{C639EE8D-8A00-408D-B044-F90F9EA31650}.Release|Any CPU.Build.0 = Release|Any CPU
		{B5634634-B76B-4BBA-9E3D-EB76B3B51FD9}.Debug|Any CPU.ActiveCfg = Debug|Any CPU
		{B5634634-B76B-4BBA-9E3D-EB76B3B51FD9}.Debug|Any CPU.Build.0 = Debug|Any CPU
		{B5634634-B76B-4BBA-9E3D-EB76B3B51FD9}.Release|Any CPU.ActiveCfg = Release|Any CPU
		{B5634634-B76B-4BBA-9E3D-EB76B3B51FD9}.Release|Any CPU.Build.0 = Release|Any CPU
	EndGlobalSection
	GlobalSection(SolutionProperties) = preSolution
		HideSolutionNode = FALSE
	EndGlobalSection
	GlobalSection(ExtensibilityGlobals) = postSolution
		SolutionGuid = {A4A6C9F2-1AEF-44B8-9992-292431F6E74E}
	EndGlobalSection
EndGlobal
